
Microsoft Visual Studio Solution File, Format Version 12.00
# Visual Studio Version 16
VisualStudioVersion = 16.0.31624.102
MinimumVisualStudioVersion = 10.0.40219.1
Project("{FAE04EC0-301F-11D3-BF4B-00C04F79EFBC}") = "Fuvar", "Fuvar\Fuvar.csproj", "{A9E0FC61-7031-46E5-B9C0-BF0EB419D717}"
EndProject
Global
	GlobalSection(SolutionConfigurationPlatforms) = preSolution
		Debug|Any CPU = Debug|Any CPU
		Release|Any CPU = Release|Any CPU
	EndGlobalSection
	GlobalSection(ProjectConfigurationPlatforms) = postSolution
		{A9E0FC61-7031-46E5-B9C0-BF0EB419D717}.Debug|Any CPU.ActiveCfg = Debug|Any CPU
		{A9E0FC61-7031-46E5-B9C0-BF0EB419D717}.Debug|Any CPU.Build.0 = Debug|Any CPU
		{A9E0FC61-7031-46E5-B9C0-BF0EB419D717}.Release|Any CPU.ActiveCfg = Release|Any CPU
		{A9E0FC61-7031-46E5-B9C0-BF0EB419D717}.Release|Any CPU.Build.0 = Release|Any CPU
	EndGlobalSection
	GlobalSection(SolutionProperties) = preSolution
		HideSolutionNode = FALSE
	EndGlobalSection
	GlobalSection(ExtensibilityGlobals) = postSolution
		SolutionGuid = {3A7DEAD0-498B-4403-9DDF-8367D108836C}
	EndGlobalSection
EndGlobal
